// !$*UTF8*$!
{
	archiveVersion = 1;
	classes = {
	};
	objectVersion = 46;
	objects = {

/* Begin PBXBuildFile section */
		835839551ED6E1C90078E7C8 /* AppDelegate.swift in Sources */ = {isa = PBXBuildFile; fileRef = 835839541ED6E1C90078E7C8 /* AppDelegate.swift */; };
		835839571ED6E1C90078E7C8 /* ViewController.swift in Sources */ = {isa = PBXBuildFile; fileRef = 835839561ED6E1C90078E7C8 /* ViewController.swift */; };
		8358395A1ED6E1C90078E7C8 /* Main.storyboard in Resources */ = {isa = PBXBuildFile; fileRef = 835839581ED6E1C90078E7C8 /* Main.storyboard */; };
		8358395C1ED6E1C90078E7C8 /* Assets.xcassets in Resources */ = {isa = PBXBuildFile; fileRef = 8358395B1ED6E1C90078E7C8 /* Assets.xcassets */; };
		8358395F1ED6E1C90078E7C8 /* LaunchScreen.storyboard in Resources */ = {isa = PBXBuildFile; fileRef = 8358395D1ED6E1C90078E7C8 /* LaunchScreen.storyboard */; };
/* End PBXBuildFile section */

/* Begin PBXFileReference section */
		835839511ED6E1C90078E7C8 /* EMOJISECTRY.app */ = {isa = PBXFileReference; explicitFileType = wrapper.application; includeInIndex = 0; path = EMOJISECTRY.app; sourceTree = BUILT_PRODUCTS_DIR; };
		835839541ED6E1C90078E7C8 /* AppDelegate.swift */ = {isa = PBXFileReference; lastKnownFileType = sourcecode.swift; path = AppDelegate.swift; sourceTree = "<group>"; };
		835839561ED6E1C90078E7C8 /* ViewController.swift */ = {isa = PBXFileReference; lastKnownFileType = sourcecode.swift; path = ViewController.swift; sourceTree = "<group>"; };
		835839591ED6E1C90078E7C8 /* Base */ = {isa = PBXFileReference; lastKnownFileType = file.storyboard; name = Base; path = Base.lproj/Main.storyboard; sourceTree = "<group>"; };
		8358395B1ED6E1C90078E7C8 /* Assets.xcassets */ = {isa = PBXFileReference; lastKnownFileType = folder.assetcatalog; path = Assets.xcassets; sourceTree = "<group>"; };
		8358395E1ED6E1C90078E7C8 /* Base */ = {isa = PBXFileReference; lastKnownFileType = file.storyboard; name = Base; path = Base.lproj/LaunchScreen.storyboard; sourceTree = "<group>"; };
		835839601ED6E1C90078E7C8 /* Info.plist */ = {isa = PBXFileReference; lastKnownFileType = text.plist.xml; path = Info.plist; sourceTree = "<group>"; };
/* End PBXFileReference section */

/* Begin PBXFrameworksBuildPhase section */
		8358394E1ED6E1C90078E7C8 /* Frameworks */ = {
			isa = PBXFrameworksBuildPhase;
			buildActionMask = 2147483647;
			files = (
			);
			runOnlyForDeploymentPostprocessing = 0;
		};
/* End PBXFrameworksBuildPhase section */

/* Begin PBXGroup section */
		835839481ED6E1C90078E7C8 = {
			isa = PBXGroup;
			children = (
				835839531ED6E1C90078E7C8 /* EMOJISECTRY */,
				835839521ED6E1C90078E7C8 /* Products */,
			);
			sourceTree = "<group>";
		};
		835839521ED6E1C90078E7C8 /* Products */ = {
			isa = PBXGroup;
			children = (
				835839511ED6E1C90078E7C8 /* EMOJISECTRY.app */,
			);
			name = Products;
			sourceTree = "<group>";
		};
		835839531ED6E1C90078E7C8 /* EMOJISECTRY */ = {
			isa = PBXGroup;
			children = (
				835839541ED6E1C90078E7C8 /* AppDelegate.swift */,
				835839561ED6E1C90078E7C8 /* ViewController.swift */,
				835839581ED6E1C90078E7C8 /* Main.storyboard */,
				8358395B1ED6E1C90078E7C8 /* Assets.xcassets */,
				8358395D1ED6E1C90078E7C8 /* LaunchScreen.storyboard */,
				835839601ED6E1C90078E7C8 /* Info.plist */,
			);
			path = EMOJISECTRY;
			sourceTree = "<group>";
		};
/* End PBXGroup section */

/* Begin PBXNativeTarget section */
		835839501ED6E1C90078E7C8 /* EMOJISECTRY */ = {
			isa = PBXNativeTarget;
			buildConfigurationList = 835839631ED6E1C90078E7C8 /* Build configuration list for PBXNativeTarget "EMOJISECTRY" */;
			buildPhases = (
				8358394D1ED6E1C90078E7C8 /* Sources */,
				8358394E1ED6E1C90078E7C8 /* Frameworks */,
				8358394F1ED6E1C90078E7C8 /* Resources */,
			);
			buildRules = (
			);
			dependencies = (
			);
			name = EMOJISECTRY;
			productName = EMOJISECTRY;
			productReference = 835839511ED6E1C90078E7C8 /* EMOJISECTRY.app */;
			productType = "com.apple.product-type.application";
		};
/* End PBXNativeTarget section */

/* Begin PBXProject section */
		835839491ED6E1C90078E7C8 /* Project object */ = {
			isa = PBXProject;
			attributes = {
				LastSwiftUpdateCheck = 0830;
				LastUpgradeCheck = 0830;
				ORGANIZATIONNAME = dthcp;
				TargetAttributes = {
					835839501ED6E1C90078E7C8 = {
						CreatedOnToolsVersion = 8.3.2;
						DevelopmentTeam = VS62Q2ZQ6B;
						ProvisioningStyle = Automatic;
					};
				};
			};
			buildConfigurationList = 8358394C1ED6E1C90078E7C8 /* Build configuration list for PBXProject "EMOJISECTRY" */;
			compatibilityVersion = "Xcode 3.2";
			developmentRegion = English;
			hasScannedForEncodings = 0;
			knownRegions = (
				en,
				Base,
			);
			mainGroup = 835839481ED6E1C90078E7C8;
			productRefGroup = 835839521ED6E1C90078E7C8 /* Products */;
			projectDirPath = "";
			projectRoot = "";
			targets = (
				835839501ED6E1C90078E7C8 /* EMOJISECTRY */,
			);
		};
/* End PBXProject section */

/* Begin PBXResourcesBuildPhase section */
		8358394F1ED6E1C90078E7C8 /* Resources */ = {
			isa = PBXResourcesBuildPhase;
			buildActionMask = 2147483647;
			files = (
				8358395F1ED6E1C90078E7C8 /* LaunchScreen.storyboard in Resources */,
				8358395C1ED6E1C90078E7C8 /* Assets.xcassets in Resources */,
				8358395A1ED6E1C90078E7C8 /* Main.storyboard in Resources */,
			);
			runOnlyForDeploymentPostprocessing = 0;
		};
/* End PBXResourcesBuildPhase section */

/* Begin PBXSourcesBuildPhase section */
		8358394D1ED6E1C90078E7C8 /* Sources */ = {
			isa = PBXSourcesBuildPhase;
			buildActionMask = 2147483647;
			files = (
				835839571ED6E1C90078E7C8 /* ViewController.swift in Sources */,
				835839551ED6E1C90078E7C8 /* AppDelegate.swift in Sources */,
			);
			runOnlyForDeploymentPostprocessing = 0;
		};
/* End PBXSourcesBuildPhase section */

/* Begin PBXVariantGroup section */
		835839581ED6E1C90078E7C8 /* Main.storyboard */ = {
			isa = PBXVariantGroup;
			children = (
				835839591ED6E1C90078E7C8 /* Base */,
			);
			name = Main.storyboard;
			sourceTree = "<group>";
		};
		8358395D1ED6E1C90078E7C8 /* LaunchScreen.storyboard */ = {
			isa = PBXVariantGroup;
			children = (
				8358395E1ED6E1C90078E7C8 /* Base */,
			);
			name = LaunchScreen.storyboard;
			sourceTree = "<group>";
		};
/* End PBXVariantGroup section */

/* Begin XCBuildConfiguration section */
		835839611ED6E1C90078E7C8 /* Debug */ = {
			isa = XCBuildConfiguration;
			buildSettings = {
				ALWAYS_SEARCH_USER_PATHS = NO;
				CLANG_ANALYZER_NONNULL = YES;
				CLANG_ANALYZER_NUMBER_OBJECT_CONVERSION = YES_AGGRESSIVE;
				CLANG_CXX_LANGUAGE_STANDARD = "gnu++0x";
				CLANG_CXX_LIBRARY = "libc++";
				CLANG_ENABLE_MODULES = YES;
				CLANG_ENABLE_OBJC_ARC = YES;
				CLANG_WARN_BOOL_CONVERSION = YES;
				CLANG_WARN_CONSTANT_CONVERSION = YES;
				CLANG_WARN_DIRECT_OBJC_ISA_USAGE = YES_ERROR;
				CLANG_WARN_DOCUMENTATION_COMMENTS = YES;
				CLANG_WARN_EMPTY_BODY = YES;
				CLANG_WARN_ENUM_CONVERSION = YES;
				CLANG_WARN_INFINITE_RECURSION = YES;
				CLANG_WARN_INT_CONVERSION = YES;
				CLANG_WARN_OBJC_ROOT_CLASS = YES_ERROR;
				CLANG_WARN_SUSPICIOUS_MOVE = YES;
				CLANG_WARN_UNREACHABLE_CODE = YES;
				CLANG_WARN__DUPLICATE_METHOD_MATCH = YES;
				"CODE_SIGN_IDENTITY[sdk=iphoneos*]" = "iPhone Developer";
				COPY_PHASE_STRIP = NO;
				DEBUG_INFORMATION_FORMAT = dwarf;
				ENABLE_STRICT_OBJC_MSGSEND = YES;
				ENABLE_TESTABILITY = YES;
				GCC_C_LANGUAGE_STANDARD = gnu99;
				GCC_DYNAMIC_NO_PIC = NO;
				GCC_NO_COMMON_BLOCKS = YES;
				GCC_OPTIMIZATION_LEVEL = 0;
				GCC_PREPROCESSOR_DEFINITIONS = (
					"DEBUG=1",
					"$(inherited)",
				);
				GCC_WARN_64_TO_32_BIT_CONVERSION = YES;
				GCC_WARN_ABOUT_RETURN_TYPE = YES_ERROR;
				GCC_WARN_UNDECLARED_SELECTOR = YES;
				GCC_WARN_UNINITIALIZED_AUTOS = YES_AGGRESSIVE;
				GCC_WARN_UNUSED_FUNCTION = YES;
				GCC_WARN_UNUSED_VARIABLE = YES;
				IPHONEOS_DEPLOYMENT_TARGET = 10.3;
				MTL_ENABLE_DEBUG_INFO = YES;
				ONLY_ACTIVE_ARCH = YES;
				SDKROOT = iphoneos;
				SWIFT_ACTIVE_COMPILATION_CONDITIONS = DEBUG;
				SWIFT_OPTIMIZATION_LEVEL = "-Onone";
				TARGETED_DEVICE_FAMILY = "1,2";
			};
			name = Debug;
		};
		835839621ED6E1C90078E7C8 /* Release */ = {
			isa = XCBuildConfiguration;
			buildSettings = {
				ALWAYS_SEARCH_USER_PATHS = NO;
				CLANG_ANALYZER_NONNULL = YES;
				CLANG_ANALYZER_NUMBER_OBJECT_CONVERSION = YES_AGGRESSIVE;
				CLANG_CXX_LANGUAGE_STANDARD = "gnu++0x";
				CLANG_CXX_LIBRARY = "libc++";
				CLANG_ENABLE_MODULES = YES;
				CLANG_ENABLE_OBJC_ARC = YES;
				CLANG_WARN_BOOL_CONVERSION = YES;
				CLANG_WARN_CONSTANT_CONVERSION = YES;
				CLANG_WARN_DIRECT_OBJC_ISA_USAGE = YES_ERROR;
				CLANG_WARN_DOCUMENTATION_COMMENTS = YES;
				CLANG_WARN_EMPTY_BODY = YES;
				CLANG_WARN_ENUM_CONVERSION = YES;
				CLANG_WARN_INFINITE_RECURSION = YES;
				CLANG_WARN_INT_CONVERSION = YES;
				CLANG_WARN_OBJC_ROOT_CLASS = YES_ERROR;
				CLANG_WARN_SUSPICIOUS_MOVE = YES;
				CLANG_WARN_UNREACHABLE_CODE = YES;
				CLANG_WARN__DUPLICATE_METHOD_MATCH = YES;
				"CODE_SIGN_IDENTITY[sdk=iphoneos*]" = "iPhone Developer";
				COPY_PHASE_STRIP = NO;
				DEBUG_INFORMATION_FORMAT = "dwarf-with-dsym";
				ENABLE_NS_ASSERTIONS = NO;
				ENABLE_STRICT_OBJC_MSGSEND = YES;
				GCC_C_LANGUAGE_STANDARD = gnu99;
				GCC_NO_COMMON_BLOCKS = YES;
				GCC_WARN_64_TO_32_BIT_CONVERSION = YES;
				GCC_WARN_ABOUT_RETURN_TYPE = YES_ERROR;
				GCC_WARN_UNDECLARED_SELECTOR = YES;
				GCC_WARN_UNINITIALIZED_AUTOS = YES_AGGRESSIVE;
				GCC_WARN_UNUSED_FUNCTION = YES;
				GCC_WARN_UNUSED_VARIABLE = YES;
				IPHONEOS_DEPLOYMENT_TARGET = 10.3;
				MTL_ENABLE_DEBUG_INFO = NO;
				SDKROOT = iphoneos;
				SWIFT_OPTIMIZATION_LEVEL = "-Owholemodule";
				TARGETED_DEVICE_FAMILY = "1,2";
				VALIDATE_PRODUCT = YES;
			};
			name = Release;
		};
		835839641ED6E1C90078E7C8 /* Debug */ = {
			isa = XCBuildConfiguration;
			buildSettings = {
				ASSETCATALOG_COMPILER_APPICON_NAME = AppIcon;
				DEVELOPMENT_TEAM = VS62Q2ZQ6B;
				INFOPLIST_FILE = EMOJISECTRY/Info.plist;
				LD_RUNPATH_SEARCH_PATHS = "$(inherited) @executable_path/Frameworks";
				PRODUCT_BUNDLE_IDENTIFIER = HCP.EMOJISECTRY;
				PRODUCT_NAME = "$(TARGET_NAME)";
				SWIFT_VERSION = 3.0;
			};
			name = Debug;
		};
		835839651ED6E1C90078E7C8 /* Release */ = {
			isa = XCBuildConfiguration;
			buildSettings = {
				ASSETCATALOG_COMPILER_APPICON_NAME = AppIcon;
				DEVELOPMENT_TEAM = VS62Q2ZQ6B;
				INFOPLIST_FILE = EMOJISECTRY/Info.plist;
				LD_RUNPATH_SEARCH_PATHS = "$(inherited) @executable_path/Frameworks";
				PRODUCT_BUNDLE_IDENTIFIER = HCP.EMOJISECTRY;
				PRODUCT_NAME = "$(TARGET_NAME)";
				SWIFT_VERSION = 3.0;
			};
			name = Release;
		};
/* End XCBuildConfiguration section */

/* Begin XCConfigurationList section */
		8358394C1ED6E1C90078E7C8 /* Build configuration list for PBXProject "EMOJISECTRY" */ = {
			isa = XCConfigurationList;
			buildConfigurations = (
				835839611ED6E1C90078E7C8 /* Debug */,
				835839621ED6E1C90078E7C8 /* Release */,
			);
			defaultConfigurationIsVisible = 0;
			defaultConfigurationName = Release;
		};
		835839631ED6E1C90078E7C8 /* Build configuration list for PBXNativeTarget "EMOJISECTRY" */ = {
			isa = XCConfigurationList;
			buildConfigurations = (
				835839641ED6E1C90078E7C8 /* Debug */,
				835839651ED6E1C90078E7C8 /* Release */,
			);
			defaultConfigurationIsVisible = 0;
		};
/* End XCConfigurationList section */
	};
	rootObject = 835839491ED6E1C90078E7C8 /* Project object */;
}
